
Microsoft Visual Studio Solution File, Format Version 12.00
# Visual Studio Version 17
VisualStudioVersion = 17.10.35027.167
MinimumVisualStudioVersion = 10.0.40219.1
Project("{9A19103F-16F7-4668-BE54-9A1E7A4F7556}") = "CoderamaProject", "CoderamaProject\CoderamaProject.csproj", "{D9AFDF53-E403-44C2-8AB0-6FEB28AACBEF}"
EndProject
Project("{FAE04EC0-301F-11D3-BF4B-00C04F79EFBC}") = "TestsProject", "TestsProject\TestsProject.csproj", "{AAEAAA4D-DBC9-463B-9E8B-E1654339C1F7}"
EndProject
Global
	GlobalSection(SolutionConfigurationPlatforms) = preSolution
		Debug|Any CPU = Debug|Any CPU
		Release|Any CPU = Release|Any CPU
	EndGlobalSection
	GlobalSection(ProjectConfigurationPlatforms) = postSolution
		{D9AFDF53-E403-44C2-8AB0-6FEB28AACBEF}.Debug|Any CPU.ActiveCfg = Debug|Any CPU
		{D9AFDF53-E403-44C2-8AB0-6FEB28AACBEF}.Debug|Any CPU.Build.0 = Debug|Any CPU
		{D9AFDF53-E403-44C2-8AB0-6FEB28AACBEF}.Release|Any CPU.ActiveCfg = Release|Any CPU
		{D9AFDF53-E403-44C2-8AB0-6FEB28AACBEF}.Release|Any CPU.Build.0 = Release|Any CPU
		{AAEAAA4D-DBC9-463B-9E8B-E1654339C1F7}.Debug|Any CPU.ActiveCfg = Debug|Any CPU
		{AAEAAA4D-DBC9-463B-9E8B-E1654339C1F7}.Debug|Any CPU.Build.0 = Debug|Any CPU
		{AAEAAA4D-DBC9-463B-9E8B-E1654339C1F7}.Release|Any CPU.ActiveCfg = Release|Any CPU
		{AAEAAA4D-DBC9-463B-9E8B-E1654339C1F7}.Release|Any CPU.Build.0 = Release|Any CPU
	EndGlobalSection
	GlobalSection(SolutionProperties) = preSolution
		HideSolutionNode = FALSE
	EndGlobalSection
	GlobalSection(ExtensibilityGlobals) = postSolution
		SolutionGuid = {9E05E790-5FC1-4EA8-AF81-007ED4800E57}
	EndGlobalSection
EndGlobal
